// !$*UTF8*$!
{
	archiveVersion = 1;
	classes = {
	};
	objectVersion = 51;
	objects = {

/* Begin PBXBuildFile section */
		2A745E8E6993CE3DAEDD3E02 /* Pods_falabellaTests.framework in Frameworks */ = {isa = PBXBuildFile; fileRef = F8BA30B6331E7FD03AA9AF00 /* Pods_falabellaTests.framework */; };
		A41EE7292707F63B00A1470C /* Logger.swift in Sources */ = {isa = PBXBuildFile; fileRef = A41EE7282707F63B00A1470C /* Logger.swift */; };
		A41EE72B2707F64900A1470C /* LoggerProtocol.swift in Sources */ = {isa = PBXBuildFile; fileRef = A41EE72A2707F64900A1470C /* LoggerProtocol.swift */; };
		A41EE72D2707F65800A1470C /* NetworkingLogger.swift in Sources */ = {isa = PBXBuildFile; fileRef = A41EE72C2707F65800A1470C /* NetworkingLogger.swift */; };
		A41EE73127094EC000A1470C /* ErrorNetworking.swift in Sources */ = {isa = PBXBuildFile; fileRef = A41EE73027094EC000A1470C /* ErrorNetworking.swift */; };
		A41EE73427094F2700A1470C /* DefaultNetworkManager.swift in Sources */ = {isa = PBXBuildFile; fileRef = A41EE73327094F2700A1470C /* DefaultNetworkManager.swift */; };
		A41EE7372709500600A1470C /* EndPointType.swift in Sources */ = {isa = PBXBuildFile; fileRef = A41EE7362709500600A1470C /* EndPointType.swift */; };
		A41EE739270950A700A1470C /* NetworkingRouter.swift in Sources */ = {isa = PBXBuildFile; fileRef = A41EE738270950A700A1470C /* NetworkingRouter.swift */; };
		A41EE7412709568600A1470C /* NetworkingIndicatorAPI.swift in Sources */ = {isa = PBXBuildFile; fileRef = A41EE7402709568600A1470C /* NetworkingIndicatorAPI.swift */; };
		A41EE743270957A300A1470C /* NetworkingIndicatorProtocols.swift in Sources */ = {isa = PBXBuildFile; fileRef = A41EE742270957A300A1470C /* NetworkingIndicatorProtocols.swift */; };
		A41EE746270958C200A1470C /* IndicatorDetail.swift in Sources */ = {isa = PBXBuildFile; fileRef = A41EE745270958C200A1470C /* IndicatorDetail.swift */; };
		A41EE74827095BE800A1470C /* NetworkingIndicatorService.swift in Sources */ = {isa = PBXBuildFile; fileRef = A41EE74727095BE800A1470C /* NetworkingIndicatorService.swift */; };
		A41EE74A27095D4900A1470C /* NetworkingIndicatorAdapter.swift in Sources */ = {isa = PBXBuildFile; fileRef = A41EE74927095D4900A1470C /* NetworkingIndicatorAdapter.swift */; };
		A41EE74D27095DDF00A1470C /* Inject.swift in Sources */ = {isa = PBXBuildFile; fileRef = A41EE74C27095DDF00A1470C /* Inject.swift */; };
		A41EE74F27095FE700A1470C /* GetAllIndicatorUseCase.swift in Sources */ = {isa = PBXBuildFile; fileRef = A41EE74E27095FE700A1470C /* GetAllIndicatorUseCase.swift */; };
		A41EE751270964E200A1470C /* Indicators.swift in Sources */ = {isa = PBXBuildFile; fileRef = A41EE750270964E200A1470C /* Indicators.swift */; };
		A41EE75A270A6FDA00A1470C /* LoginProtocols.swift in Sources */ = {isa = PBXBuildFile; fileRef = A41EE759270A6FDA00A1470C /* LoginProtocols.swift */; };
		A41EE75C270A71D200A1470C /* LoginViewController.swift in Sources */ = {isa = PBXBuildFile; fileRef = A41EE75B270A71D200A1470C /* LoginViewController.swift */; };
		A41EE75E270A728700A1470C /* LoginRouter.swift in Sources */ = {isa = PBXBuildFile; fileRef = A41EE75D270A728700A1470C /* LoginRouter.swift */; };
		A41EE760270A732500A1470C /* LoginInteractor.swift in Sources */ = {isa = PBXBuildFile; fileRef = A41EE75F270A732500A1470C /* LoginInteractor.swift */; };
		A41EE762270A74D900A1470C /* LoginPresenter.swift in Sources */ = {isa = PBXBuildFile; fileRef = A41EE761270A74D900A1470C /* LoginPresenter.swift */; };
		A41EE769270B59C400A1470C /* MockNetworkingRouter.swift in Sources */ = {isa = PBXBuildFile; fileRef = A41EE768270B59C400A1470C /* MockNetworkingRouter.swift */; };
		A41EE76C270B5FF400A1470C /* GetAllIndicator.json in Resources */ = {isa = PBXBuildFile; fileRef = A41EE76B270B5FF400A1470C /* GetAllIndicator.json */; };
		A41EE771270B619C00A1470C /* NetworkingIndicatorAdapterTest.swift in Sources */ = {isa = PBXBuildFile; fileRef = A41EE770270B619C00A1470C /* NetworkingIndicatorAdapterTest.swift */; };
		A41EE773270B787600A1470C /* GetAllIndicatorUseCaseTest.swift in Sources */ = {isa = PBXBuildFile; fileRef = A41EE772270B787600A1470C /* GetAllIndicatorUseCaseTest.swift */; };
		A41EE77B270BB19A00A1470C /* CoreDataManager.swift in Sources */ = {isa = PBXBuildFile; fileRef = A41EE77A270BB19A00A1470C /* CoreDataManager.swift */; };
		A41EE782270BB36D00A1470C /* UserListItem+CoreDataClass.swift in Sources */ = {isa = PBXBuildFile; fileRef = A41EE781270BB36D00A1470C /* UserListItem+CoreDataClass.swift */; };
		A41EE783270BB36D00A1470C /* UserListItem+CoreDataProperties.swift in Sources */ = {isa = PBXBuildFile; fileRef = A41EE780270BB36D00A1470C /* UserListItem+CoreDataProperties.swift */; };
		A425807D2707DC910085E935 /* BuildConfiguration.swift in Sources */ = {isa = PBXBuildFile; fileRef = A425807C2707DC910085E935 /* BuildConfiguration.swift */; };
		A47595032707CFF20019BE14 /* AppDelegate.swift in Sources */ = {isa = PBXBuildFile; fileRef = A47595022707CFF20019BE14 /* AppDelegate.swift */; };
		A47595052707CFF20019BE14 /* SceneDelegate.swift in Sources */ = {isa = PBXBuildFile; fileRef = A47595042707CFF20019BE14 /* SceneDelegate.swift */; };
		A47595072707CFF20019BE14 /* ViewController.swift in Sources */ = {isa = PBXBuildFile; fileRef = A47595062707CFF20019BE14 /* ViewController.swift */; };
		A475950D2707CFF20019BE14 /* falabella.xcdatamodeld in Sources */ = {isa = PBXBuildFile; fileRef = A475950B2707CFF20019BE14 /* falabella.xcdatamodeld */; };
		A475950F2707CFF50019BE14 /* Assets.xcassets in Resources */ = {isa = PBXBuildFile; fileRef = A475950E2707CFF50019BE14 /* Assets.xcassets */; };
		A47595122707CFF50019BE14 /* LaunchScreen.storyboard in Resources */ = {isa = PBXBuildFile; fileRef = A47595102707CFF50019BE14 /* LaunchScreen.storyboard */; };
		A475951D2707CFF50019BE14 /* falabellaTests.swift in Sources */ = {isa = PBXBuildFile; fileRef = A475951C2707CFF50019BE14 /* falabellaTests.swift */; };
		F927C53BA44995E5B4A03777 /* Pods_falabella.framework in Frameworks */ = {isa = PBXBuildFile; fileRef = 158B64854A0286ADDE687022 /* Pods_falabella.framework */; };
/* End PBXBuildFile section */

/* Begin PBXContainerItemProxy section */
		A47595192707CFF50019BE14 /* PBXContainerItemProxy */ = {
			isa = PBXContainerItemProxy;
			containerPortal = A47594F72707CFF20019BE14 /* Project object */;
			proxyType = 1;
			remoteGlobalIDString = A47594FE2707CFF20019BE14;
			remoteInfo = falabella;
		};
/* End PBXContainerItemProxy section */

/* Begin PBXFileReference section */
		0EDC9030EF29111D9B18C7C4 /* Pods-falabellaTests.debug.xcconfig */ = {isa = PBXFileReference; includeInIndex = 1; lastKnownFileType = text.xcconfig; name = "Pods-falabellaTests.debug.xcconfig"; path = "Target Support Files/Pods-falabellaTests/Pods-falabellaTests.debug.xcconfig"; sourceTree = "<group>"; };
		1354BA1556E26951218271A3 /* Pods-falabella.release.xcconfig */ = {isa = PBXFileReference; includeInIndex = 1; lastKnownFileType = text.xcconfig; name = "Pods-falabella.release.xcconfig"; path = "Target Support Files/Pods-falabella/Pods-falabella.release.xcconfig"; sourceTree = "<group>"; };
		158B64854A0286ADDE687022 /* Pods_falabella.framework */ = {isa = PBXFileReference; explicitFileType = wrapper.framework; includeInIndex = 0; path = Pods_falabella.framework; sourceTree = BUILT_PRODUCTS_DIR; };
		774BEE88FB5A910B9174DD0E /* Pods-falabellaTests.qa.xcconfig */ = {isa = PBXFileReference; includeInIndex = 1; lastKnownFileType = text.xcconfig; name = "Pods-falabellaTests.qa.xcconfig"; path = "Target Support Files/Pods-falabellaTests/Pods-falabellaTests.qa.xcconfig"; sourceTree = "<group>"; };
		79F303A47E6959FCD83B9B9B /* Pods-falabella.debug.xcconfig */ = {isa = PBXFileReference; includeInIndex = 1; lastKnownFileType = text.xcconfig; name = "Pods-falabella.debug.xcconfig"; path = "Target Support Files/Pods-falabella/Pods-falabella.debug.xcconfig"; sourceTree = "<group>"; };
		A41EE7282707F63B00A1470C /* Logger.swift */ = {isa = PBXFileReference; lastKnownFileType = sourcecode.swift; path = Logger.swift; sourceTree = "<group>"; };
		A41EE72A2707F64900A1470C /* LoggerProtocol.swift */ = {isa = PBXFileReference; lastKnownFileType = sourcecode.swift; path = LoggerProtocol.swift; sourceTree = "<group>"; };
		A41EE72C2707F65800A1470C /* NetworkingLogger.swift */ = {isa = PBXFileReference; lastKnownFileType = sourcecode.swift; path = NetworkingLogger.swift; sourceTree = "<group>"; };
		A41EE73027094EC000A1470C /* ErrorNetworking.swift */ = {isa = PBXFileReference; lastKnownFileType = sourcecode.swift; path = ErrorNetworking.swift; sourceTree = "<group>"; };
		A41EE73327094F2700A1470C /* DefaultNetworkManager.swift */ = {isa = PBXFileReference; lastKnownFileType = sourcecode.swift; path = DefaultNetworkManager.swift; sourceTree = "<group>"; };
		A41EE7362709500600A1470C /* EndPointType.swift */ = {isa = PBXFileReference; lastKnownFileType = sourcecode.swift; path = EndPointType.swift; sourceTree = "<group>"; };
		A41EE738270950A700A1470C /* NetworkingRouter.swift */ = {isa = PBXFileReference; lastKnownFileType = sourcecode.swift; path = NetworkingRouter.swift; sourceTree = "<group>"; };
		A41EE7402709568600A1470C /* NetworkingIndicatorAPI.swift */ = {isa = PBXFileReference; lastKnownFileType = sourcecode.swift; path = NetworkingIndicatorAPI.swift; sourceTree = "<group>"; };
		A41EE742270957A300A1470C /* NetworkingIndicatorProtocols.swift */ = {isa = PBXFileReference; lastKnownFileType = sourcecode.swift; path = NetworkingIndicatorProtocols.swift; sourceTree = "<group>"; };
		A41EE745270958C200A1470C /* IndicatorDetail.swift */ = {isa = PBXFileReference; lastKnownFileType = sourcecode.swift; path = IndicatorDetail.swift; sourceTree = "<group>"; };
		A41EE74727095BE800A1470C /* NetworkingIndicatorService.swift */ = {isa = PBXFileReference; lastKnownFileType = sourcecode.swift; path = NetworkingIndicatorService.swift; sourceTree = "<group>"; };
		A41EE74927095D4900A1470C /* NetworkingIndicatorAdapter.swift */ = {isa = PBXFileReference; lastKnownFileType = sourcecode.swift; path = NetworkingIndicatorAdapter.swift; sourceTree = "<group>"; };
		A41EE74C27095DDF00A1470C /* Inject.swift */ = {isa = PBXFileReference; lastKnownFileType = sourcecode.swift; path = Inject.swift; sourceTree = "<group>"; };
		A41EE74E27095FE700A1470C /* GetAllIndicatorUseCase.swift */ = {isa = PBXFileReference; lastKnownFileType = sourcecode.swift; path = GetAllIndicatorUseCase.swift; sourceTree = "<group>"; };
		A41EE750270964E200A1470C /* Indicators.swift */ = {isa = PBXFileReference; lastKnownFileType = sourcecode.swift; path = Indicators.swift; sourceTree = "<group>"; };
		A41EE759270A6FDA00A1470C /* LoginProtocols.swift */ = {isa = PBXFileReference; lastKnownFileType = sourcecode.swift; path = LoginProtocols.swift; sourceTree = "<group>"; };
		A41EE75B270A71D200A1470C /* LoginViewController.swift */ = {isa = PBXFileReference; lastKnownFileType = sourcecode.swift; path = LoginViewController.swift; sourceTree = "<group>"; };
		A41EE75D270A728700A1470C /* LoginRouter.swift */ = {isa = PBXFileReference; lastKnownFileType = sourcecode.swift; path = LoginRouter.swift; sourceTree = "<group>"; };
		A41EE75F270A732500A1470C /* LoginInteractor.swift */ = {isa = PBXFileReference; lastKnownFileType = sourcecode.swift; path = LoginInteractor.swift; sourceTree = "<group>"; };
		A41EE761270A74D900A1470C /* LoginPresenter.swift */ = {isa = PBXFileReference; lastKnownFileType = sourcecode.swift; path = LoginPresenter.swift; sourceTree = "<group>"; };
		A41EE768270B59C400A1470C /* MockNetworkingRouter.swift */ = {isa = PBXFileReference; lastKnownFileType = sourcecode.swift; path = MockNetworkingRouter.swift; sourceTree = "<group>"; };
		A41EE76B270B5FF400A1470C /* GetAllIndicator.json */ = {isa = PBXFileReference; lastKnownFileType = text.json; path = GetAllIndicator.json; sourceTree = "<group>"; };
		A41EE770270B619C00A1470C /* NetworkingIndicatorAdapterTest.swift */ = {isa = PBXFileReference; lastKnownFileType = sourcecode.swift; path = NetworkingIndicatorAdapterTest.swift; sourceTree = "<group>"; };
		A41EE772270B787600A1470C /* GetAllIndicatorUseCaseTest.swift */ = {isa = PBXFileReference; lastKnownFileType = sourcecode.swift; path = GetAllIndicatorUseCaseTest.swift; sourceTree = "<group>"; };
		A41EE77A270BB19A00A1470C /* CoreDataManager.swift */ = {isa = PBXFileReference; lastKnownFileType = sourcecode.swift; path = CoreDataManager.swift; sourceTree = "<group>"; };
		A41EE780270BB36D00A1470C /* UserListItem+CoreDataProperties.swift */ = {isa = PBXFileReference; lastKnownFileType = sourcecode.swift; name = "UserListItem+CoreDataProperties.swift"; path = "/Users/imagemaker/Xcode/falabella/falabella/CoreDataManager/UserListItem+CoreDataProperties.swift"; sourceTree = "<absolute>"; };
		A41EE781270BB36D00A1470C /* UserListItem+CoreDataClass.swift */ = {isa = PBXFileReference; lastKnownFileType = sourcecode.swift; name = "UserListItem+CoreDataClass.swift"; path = "/Users/imagemaker/Xcode/falabella/falabella/CoreDataManager/UserListItem+CoreDataClass.swift"; sourceTree = "<absolute>"; };
		A425807C2707DC910085E935 /* BuildConfiguration.swift */ = {isa = PBXFileReference; lastKnownFileType = sourcecode.swift; path = BuildConfiguration.swift; sourceTree = "<group>"; };
		A47594FF2707CFF20019BE14 /* falabella.app */ = {isa = PBXFileReference; explicitFileType = wrapper.application; includeInIndex = 0; path = falabella.app; sourceTree = BUILT_PRODUCTS_DIR; };
		A47595022707CFF20019BE14 /* AppDelegate.swift */ = {isa = PBXFileReference; lastKnownFileType = sourcecode.swift; path = AppDelegate.swift; sourceTree = "<group>"; };
		A47595042707CFF20019BE14 /* SceneDelegate.swift */ = {isa = PBXFileReference; lastKnownFileType = sourcecode.swift; path = SceneDelegate.swift; sourceTree = "<group>"; };
		A47595062707CFF20019BE14 /* ViewController.swift */ = {isa = PBXFileReference; lastKnownFileType = sourcecode.swift; path = ViewController.swift; sourceTree = "<group>"; };
		A475950C2707CFF20019BE14 /* falabella.xcdatamodel */ = {isa = PBXFileReference; lastKnownFileType = wrapper.xcdatamodel; path = falabella.xcdatamodel; sourceTree = "<group>"; };
		A475950E2707CFF50019BE14 /* Assets.xcassets */ = {isa = PBXFileReference; lastKnownFileType = folder.assetcatalog; path = Assets.xcassets; sourceTree = "<group>"; };
		A47595112707CFF50019BE14 /* Base */ = {isa = PBXFileReference; lastKnownFileType = file.storyboard; name = Base; path = Base.lproj/LaunchScreen.storyboard; sourceTree = "<group>"; };
		A47595132707CFF50019BE14 /* Info.plist */ = {isa = PBXFileReference; lastKnownFileType = text.plist.xml; path = Info.plist; sourceTree = "<group>"; };
		A47595182707CFF50019BE14 /* falabellaTests.xctest */ = {isa = PBXFileReference; explicitFileType = wrapper.cfbundle; includeInIndex = 0; path = falabellaTests.xctest; sourceTree = BUILT_PRODUCTS_DIR; };
		A475951C2707CFF50019BE14 /* falabellaTests.swift */ = {isa = PBXFileReference; lastKnownFileType = sourcecode.swift; path = falabellaTests.swift; sourceTree = "<group>"; };
		A475951E2707CFF50019BE14 /* Info.plist */ = {isa = PBXFileReference; lastKnownFileType = text.plist.xml; path = Info.plist; sourceTree = "<group>"; };
		AFBA8B5FEF2FAFAFDE38BB1C /* Pods-falabellaTests.release.xcconfig */ = {isa = PBXFileReference; includeInIndex = 1; lastKnownFileType = text.xcconfig; name = "Pods-falabellaTests.release.xcconfig"; path = "Target Support Files/Pods-falabellaTests/Pods-falabellaTests.release.xcconfig"; sourceTree = "<group>"; };
		F8BA30B6331E7FD03AA9AF00 /* Pods_falabellaTests.framework */ = {isa = PBXFileReference; explicitFileType = wrapper.framework; includeInIndex = 0; path = Pods_falabellaTests.framework; sourceTree = BUILT_PRODUCTS_DIR; };
		FC296628D52652CDE669850A /* Pods-falabella.qa.xcconfig */ = {isa = PBXFileReference; includeInIndex = 1; lastKnownFileType = text.xcconfig; name = "Pods-falabella.qa.xcconfig"; path = "Target Support Files/Pods-falabella/Pods-falabella.qa.xcconfig"; sourceTree = "<group>"; };
/* End PBXFileReference section */

/* Begin PBXFrameworksBuildPhase section */
		A47594FC2707CFF20019BE14 /* Frameworks */ = {
			isa = PBXFrameworksBuildPhase;
			buildActionMask = 2147483647;
			files = (
				F927C53BA44995E5B4A03777 /* Pods_falabella.framework in Frameworks */,
			);
			runOnlyForDeploymentPostprocessing = 0;
		};
		A47595152707CFF50019BE14 /* Frameworks */ = {
			isa = PBXFrameworksBuildPhase;
			buildActionMask = 2147483647;
			files = (
				2A745E8E6993CE3DAEDD3E02 /* Pods_falabellaTests.framework in Frameworks */,
			);
			runOnlyForDeploymentPostprocessing = 0;
		};
/* End PBXFrameworksBuildPhase section */

/* Begin PBXGroup section */
		A41EE7272707F62400A1470C /* Logger */ = {
			isa = PBXGroup;
			children = (
				A41EE7282707F63B00A1470C /* Logger.swift */,
				A41EE72A2707F64900A1470C /* LoggerProtocol.swift */,
				A41EE72C2707F65800A1470C /* NetworkingLogger.swift */,
			);
			path = Logger;
			sourceTree = "<group>";
		};
		A41EE72E27094DD300A1470C /* Networking */ = {
			isa = PBXGroup;
			children = (
				A41EE7442709587C00A1470C /* Domain */,
				A41EE72F27094EAE00A1470C /* Errors */,
				A41EE74B27095DC400A1470C /* Inject */,
				A41EE73227094F1C00A1470C /* Manager */,
				A41EE73527094FF700A1470C /* Service */,
			);
			path = Networking;
			sourceTree = "<group>";
		};
		A41EE72F27094EAE00A1470C /* Errors */ = {
			isa = PBXGroup;
			children = (
				A41EE73027094EC000A1470C /* ErrorNetworking.swift */,
			);
			path = Errors;
			sourceTree = "<group>";
		};
		A41EE73227094F1C00A1470C /* Manager */ = {
			isa = PBXGroup;
			children = (
				A41EE73327094F2700A1470C /* DefaultNetworkManager.swift */,
				A41EE73A270955DE00A1470C /* Resources */,
				A41EE73B270955E500A1470C /* UseCases */,
			);
			path = Manager;
			sourceTree = "<group>";
		};
		A41EE73527094FF700A1470C /* Service */ = {
			isa = PBXGroup;
			children = (
				A41EE7362709500600A1470C /* EndPointType.swift */,
				A41EE738270950A700A1470C /* NetworkingRouter.swift */,
			);
			path = Service;
			sourceTree = "<group>";
		};
		A41EE73A270955DE00A1470C /* Resources */ = {
			isa = PBXGroup;
			children = (
				A41EE73C2709563C00A1470C /* NetworkingIndicator */,
			);
			path = Resources;
			sourceTree = "<group>";
		};
		A41EE73B270955E500A1470C /* UseCases */ = {
			isa = PBXGroup;
			children = (
				A41EE74E27095FE700A1470C /* GetAllIndicatorUseCase.swift */,
			);
			path = UseCases;
			sourceTree = "<group>";
		};
		A41EE73C2709563C00A1470C /* NetworkingIndicator */ = {
			isa = PBXGroup;
			children = (
				A41EE73D2709565300A1470C /* API */,
				A41EE73E2709565C00A1470C /* Manager */,
				A41EE73F2709566400A1470C /* Protocols */,
			);
			path = NetworkingIndicator;
			sourceTree = "<group>";
		};
		A41EE73D2709565300A1470C /* API */ = {
			isa = PBXGroup;
			children = (
				A41EE7402709568600A1470C /* NetworkingIndicatorAPI.swift */,
			);
			path = API;
			sourceTree = "<group>";
		};
		A41EE73E2709565C00A1470C /* Manager */ = {
			isa = PBXGroup;
			children = (
				A41EE74927095D4900A1470C /* NetworkingIndicatorAdapter.swift */,
				A41EE74727095BE800A1470C /* NetworkingIndicatorService.swift */,
			);
			path = Manager;
			sourceTree = "<group>";
		};
		A41EE73F2709566400A1470C /* Protocols */ = {
			isa = PBXGroup;
			children = (
				A41EE742270957A300A1470C /* NetworkingIndicatorProtocols.swift */,
			);
			path = Protocols;
			sourceTree = "<group>";
		};
		A41EE7442709587C00A1470C /* Domain */ = {
			isa = PBXGroup;
			children = (
				A41EE745270958C200A1470C /* IndicatorDetail.swift */,
				A41EE750270964E200A1470C /* Indicators.swift */,
			);
			path = Domain;
			sourceTree = "<group>";
		};
		A41EE74B27095DC400A1470C /* Inject */ = {
			isa = PBXGroup;
			children = (
				A41EE74C27095DDF00A1470C /* Inject.swift */,
			);
			path = Inject;
			sourceTree = "<group>";
		};
		A41EE752270A6C4E00A1470C /* Screens */ = {
			isa = PBXGroup;
			children = (
				A41EE753270A6F4500A1470C /* Login */,
				A47595102707CFF50019BE14 /* LaunchScreen.storyboard */,
			);
			path = Screens;
			sourceTree = "<group>";
		};
		A41EE753270A6F4500A1470C /* Login */ = {
			isa = PBXGroup;
			children = (
				A41EE754270A6F5000A1470C /* Interactor */,
				A41EE755270A6F5F00A1470C /* Presenter */,
				A41EE756270A6F6900A1470C /* Protocols */,
				A41EE757270A6F7300A1470C /* Router */,
				A41EE758270A6F8000A1470C /* View */,
			);
			path = Login;
			sourceTree = "<group>";
		};
		A41EE754270A6F5000A1470C /* Interactor */ = {
			isa = PBXGroup;
			children = (
				A41EE75F270A732500A1470C /* LoginInteractor.swift */,
			);
			path = Interactor;
			sourceTree = "<group>";
		};
		A41EE755270A6F5F00A1470C /* Presenter */ = {
			isa = PBXGroup;
			children = (
				A41EE761270A74D900A1470C /* LoginPresenter.swift */,
			);
			path = Presenter;
			sourceTree = "<group>";
		};
		A41EE756270A6F6900A1470C /* Protocols */ = {
			isa = PBXGroup;
			children = (
				A41EE759270A6FDA00A1470C /* LoginProtocols.swift */,
			);
			path = Protocols;
			sourceTree = "<group>";
		};
		A41EE757270A6F7300A1470C /* Router */ = {
			isa = PBXGroup;
			children = (
				A41EE75D270A728700A1470C /* LoginRouter.swift */,
			);
			path = Router;
			sourceTree = "<group>";
		};
		A41EE758270A6F8000A1470C /* View */ = {
			isa = PBXGroup;
			children = (
				A41EE75B270A71D200A1470C /* LoginViewController.swift */,
			);
			path = View;
			sourceTree = "<group>";
		};
		A41EE764270A972500A1470C /* CoreDataManager */ = {
			isa = PBXGroup;
			children = (
				A41EE77A270BB19A00A1470C /* CoreDataManager.swift */,
				A41EE781270BB36D00A1470C /* UserListItem+CoreDataClass.swift */,
				A41EE780270BB36D00A1470C /* UserListItem+CoreDataProperties.swift */,
				A475950B2707CFF20019BE14 /* falabella.xcdatamodeld */,
			);
			path = CoreDataManager;
			sourceTree = "<group>";
		};
		A41EE767270B598D00A1470C /* Networking */ = {
			isa = PBXGroup;
			children = (
				A41EE768270B59C400A1470C /* MockNetworkingRouter.swift */,
				A41EE76A270B5FAA00A1470C /* Jsons */,
				A41EE76D270B611900A1470C /* Manager */,
			);
			path = Networking;
			sourceTree = "<group>";
		};
		A41EE76A270B5FAA00A1470C /* Jsons */ = {
			isa = PBXGroup;
			children = (
				A41EE76B270B5FF400A1470C /* GetAllIndicator.json */,
			);
			path = Jsons;
			sourceTree = "<group>";
		};
		A41EE76D270B611900A1470C /* Manager */ = {
			isa = PBXGroup;
			children = (
				A41EE76E270B612500A1470C /* Resources */,
				A41EE76F270B613500A1470C /* UseCases */,
			);
			path = Manager;
			sourceTree = "<group>";
		};
		A41EE76E270B612500A1470C /* Resources */ = {
			isa = PBXGroup;
			children = (
				A41EE770270B619C00A1470C /* NetworkingIndicatorAdapterTest.swift */,
			);
			path = Resources;
			sourceTree = "<group>";
		};
		A41EE76F270B613500A1470C /* UseCases */ = {
			isa = PBXGroup;
			children = (
				A41EE772270B787600A1470C /* GetAllIndicatorUseCaseTest.swift */,
			);
			path = UseCases;
			sourceTree = "<group>";
		};
		A42580782707DAAB0085E935 /* ManagerSchemes */ = {
			isa = PBXGroup;
			children = (
				A425807C2707DC910085E935 /* BuildConfiguration.swift */,
			);
			path = ManagerSchemes;
			sourceTree = "<group>";
		};
		A47594F62707CFF20019BE14 = {
			isa = PBXGroup;
			children = (
				A47595012707CFF20019BE14 /* falabella */,
				A475951B2707CFF50019BE14 /* falabellaTests */,
				A47595002707CFF20019BE14 /* Products */,
				D23B83541BBCAC18AA98AFA8 /* Pods */,
				A5EC69A84FFD128905335E85 /* Frameworks */,
			);
			sourceTree = "<group>";
		};
		A47595002707CFF20019BE14 /* Products */ = {
			isa = PBXGroup;
			children = (
				A47594FF2707CFF20019BE14 /* falabella.app */,
				A47595182707CFF50019BE14 /* falabellaTests.xctest */,
			);
			name = Products;
			sourceTree = "<group>";
		};
		A47595012707CFF20019BE14 /* falabella */ = {
			isa = PBXGroup;
			children = (
				A47595132707CFF50019BE14 /* Info.plist */,
				A47595022707CFF20019BE14 /* AppDelegate.swift */,
				A47595042707CFF20019BE14 /* SceneDelegate.swift */,
				A47595062707CFF20019BE14 /* ViewController.swift */,
				A475950E2707CFF50019BE14 /* Assets.xcassets */,
				A41EE764270A972500A1470C /* CoreDataManager */,
				A41EE7272707F62400A1470C /* Logger */,
				A42580782707DAAB0085E935 /* ManagerSchemes */,
				A41EE72E27094DD300A1470C /* Networking */,
				A41EE752270A6C4E00A1470C /* Screens */,
			);
			path = falabella;
			sourceTree = "<group>";
		};
		A475951B2707CFF50019BE14 /* falabellaTests */ = {
			isa = PBXGroup;
			children = (
				A41EE767270B598D00A1470C /* Networking */,
				A475951C2707CFF50019BE14 /* falabellaTests.swift */,
				A475951E2707CFF50019BE14 /* Info.plist */,
			);
			path = falabellaTests;
			sourceTree = "<group>";
		};
		A5EC69A84FFD128905335E85 /* Frameworks */ = {
			isa = PBXGroup;
			children = (
				158B64854A0286ADDE687022 /* Pods_falabella.framework */,
				F8BA30B6331E7FD03AA9AF00 /* Pods_falabellaTests.framework */,
			);
			name = Frameworks;
			sourceTree = "<group>";
		};
		D23B83541BBCAC18AA98AFA8 /* Pods */ = {
			isa = PBXGroup;
			children = (
				79F303A47E6959FCD83B9B9B /* Pods-falabella.debug.xcconfig */,
				1354BA1556E26951218271A3 /* Pods-falabella.release.xcconfig */,
				0EDC9030EF29111D9B18C7C4 /* Pods-falabellaTests.debug.xcconfig */,
				AFBA8B5FEF2FAFAFDE38BB1C /* Pods-falabellaTests.release.xcconfig */,
				FC296628D52652CDE669850A /* Pods-falabella.qa.xcconfig */,
				774BEE88FB5A910B9174DD0E /* Pods-falabellaTests.qa.xcconfig */,
			);
			path = Pods;
			sourceTree = "<group>";
		};
/* End PBXGroup section */

/* Begin PBXNativeTarget section */
		A47594FE2707CFF20019BE14 /* falabella */ = {
			isa = PBXNativeTarget;
			buildConfigurationList = A475952C2707CFF50019BE14 /* Build configuration list for PBXNativeTarget "falabella" */;
			buildPhases = (
				E40C5A12A650AB83B8D0A8F4 /* [CP] Check Pods Manifest.lock */,
				A47594FB2707CFF20019BE14 /* Sources */,
				A47594FC2707CFF20019BE14 /* Frameworks */,
				A47594FD2707CFF20019BE14 /* Resources */,
				F3367BB237E9ECC7BCE8496A /* [CP] Embed Pods Frameworks */,
			);
			buildRules = (
			);
			dependencies = (
			);
			name = falabella;
			productName = falabella;
			productReference = A47594FF2707CFF20019BE14 /* falabella.app */;
			productType = "com.apple.product-type.application";
		};
		A47595172707CFF50019BE14 /* falabellaTests */ = {
			isa = PBXNativeTarget;
			buildConfigurationList = A475952F2707CFF50019BE14 /* Build configuration list for PBXNativeTarget "falabellaTests" */;
			buildPhases = (
				EE13A9E0CBD51B962A0B0BDA /* [CP] Check Pods Manifest.lock */,
				A47595142707CFF50019BE14 /* Sources */,
				A47595152707CFF50019BE14 /* Frameworks */,
				A47595162707CFF50019BE14 /* Resources */,
			);
			buildRules = (
			);
			dependencies = (
				A475951A2707CFF50019BE14 /* PBXTargetDependency */,
			);
			name = falabellaTests;
			productName = falabellaTests;
			productReference = A47595182707CFF50019BE14 /* falabellaTests.xctest */;
			productType = "com.apple.product-type.bundle.unit-test";
		};
/* End PBXNativeTarget section */

/* Begin PBXProject section */
		A47594F72707CFF20019BE14 /* Project object */ = {
			isa = PBXProject;
			attributes = {
				LastSwiftUpdateCheck = 1250;
				LastUpgradeCheck = 1250;
				TargetAttributes = {
					A47594FE2707CFF20019BE14 = {
						CreatedOnToolsVersion = 12.5.1;
					};
					A47595172707CFF50019BE14 = {
						CreatedOnToolsVersion = 12.5.1;
						TestTargetID = A47594FE2707CFF20019BE14;
					};
				};
			};
			buildConfigurationList = A47594FA2707CFF20019BE14 /* Build configuration list for PBXProject "falabella" */;
			compatibilityVersion = "Xcode 9.3";
			developmentRegion = en;
			hasScannedForEncodings = 0;
			knownRegions = (
				en,
				Base,
			);
			mainGroup = A47594F62707CFF20019BE14;
			productRefGroup = A47595002707CFF20019BE14 /* Products */;
			projectDirPath = "";
			projectRoot = "";
			targets = (
				A47594FE2707CFF20019BE14 /* falabella */,
				A47595172707CFF50019BE14 /* falabellaTests */,
			);
		};
/* End PBXProject section */

/* Begin PBXResourcesBuildPhase section */
		A47594FD2707CFF20019BE14 /* Resources */ = {
			isa = PBXResourcesBuildPhase;
			buildActionMask = 2147483647;
			files = (
				A47595122707CFF50019BE14 /* LaunchScreen.storyboard in Resources */,
				A475950F2707CFF50019BE14 /* Assets.xcassets in Resources */,
			);
			runOnlyForDeploymentPostprocessing = 0;
		};
		A47595162707CFF50019BE14 /* Resources */ = {
			isa = PBXResourcesBuildPhase;
			buildActionMask = 2147483647;
			files = (
				A41EE76C270B5FF400A1470C /* GetAllIndicator.json in Resources */,
			);
			runOnlyForDeploymentPostprocessing = 0;
		};
/* End PBXResourcesBuildPhase section */

/* Begin PBXShellScriptBuildPhase section */
		E40C5A12A650AB83B8D0A8F4 /* [CP] Check Pods Manifest.lock */ = {
			isa = PBXShellScriptBuildPhase;
			buildActionMask = 2147483647;
			files = (
			);
			inputFileListPaths = (
			);
			inputPaths = (
				"${PODS_PODFILE_DIR_PATH}/Podfile.lock",
				"${PODS_ROOT}/Manifest.lock",
			);
			name = "[CP] Check Pods Manifest.lock";
			outputFileListPaths = (
			);
			outputPaths = (
				"$(DERIVED_FILE_DIR)/Pods-falabella-checkManifestLockResult.txt",
			);
			runOnlyForDeploymentPostprocessing = 0;
			shellPath = /bin/sh;
			shellScript = "diff \"${PODS_PODFILE_DIR_PATH}/Podfile.lock\" \"${PODS_ROOT}/Manifest.lock\" > /dev/null\nif [ $? != 0 ] ; then\n    # print error to STDERR\n    echo \"error: The sandbox is not in sync with the Podfile.lock. Run 'pod install' or update your CocoaPods installation.\" >&2\n    exit 1\nfi\n# This output is used by Xcode 'outputs' to avoid re-running this script phase.\necho \"SUCCESS\" > \"${SCRIPT_OUTPUT_FILE_0}\"\n";
			showEnvVarsInLog = 0;
		};
		EE13A9E0CBD51B962A0B0BDA /* [CP] Check Pods Manifest.lock */ = {
			isa = PBXShellScriptBuildPhase;
			buildActionMask = 2147483647;
			files = (
			);
			inputFileListPaths = (
			);
			inputPaths = (
				"${PODS_PODFILE_DIR_PATH}/Podfile.lock",
				"${PODS_ROOT}/Manifest.lock",
			);
			name = "[CP] Check Pods Manifest.lock";
			outputFileListPaths = (
			);
			outputPaths = (
				"$(DERIVED_FILE_DIR)/Pods-falabellaTests-checkManifestLockResult.txt",
			);
			runOnlyForDeploymentPostprocessing = 0;
			shellPath = /bin/sh;
			shellScript = "diff \"${PODS_PODFILE_DIR_PATH}/Podfile.lock\" \"${PODS_ROOT}/Manifest.lock\" > /dev/null\nif [ $? != 0 ] ; then\n    # print error to STDERR\n    echo \"error: The sandbox is not in sync with the Podfile.lock. Run 'pod install' or update your CocoaPods installation.\" >&2\n    exit 1\nfi\n# This output is used by Xcode 'outputs' to avoid re-running this script phase.\necho \"SUCCESS\" > \"${SCRIPT_OUTPUT_FILE_0}\"\n";
			showEnvVarsInLog = 0;
		};
		F3367BB237E9ECC7BCE8496A /* [CP] Embed Pods Frameworks */ = {
			isa = PBXShellScriptBuildPhase;
			buildActionMask = 2147483647;
			files = (
			);
			inputFileListPaths = (
				"${PODS_ROOT}/Target Support Files/Pods-falabella/Pods-falabella-frameworks-${CONFIGURATION}-input-files.xcfilelist",
			);
			name = "[CP] Embed Pods Frameworks";
			outputFileListPaths = (
				"${PODS_ROOT}/Target Support Files/Pods-falabella/Pods-falabella-frameworks-${CONFIGURATION}-output-files.xcfilelist",
			);
			runOnlyForDeploymentPostprocessing = 0;
			shellPath = /bin/sh;
			shellScript = "\"${PODS_ROOT}/Target Support Files/Pods-falabella/Pods-falabella-frameworks.sh\"\n";
			showEnvVarsInLog = 0;
		};
/* End PBXShellScriptBuildPhase section */

/* Begin PBXSourcesBuildPhase section */
		A47594FB2707CFF20019BE14 /* Sources */ = {
			isa = PBXSourcesBuildPhase;
			buildActionMask = 2147483647;
			files = (
				A41EE72B2707F64900A1470C /* LoggerProtocol.swift in Sources */,
				A41EE72D2707F65800A1470C /* NetworkingLogger.swift in Sources */,
				A41EE74D27095DDF00A1470C /* Inject.swift in Sources */,
				A41EE751270964E200A1470C /* Indicators.swift in Sources */,
				A41EE762270A74D900A1470C /* LoginPresenter.swift in Sources */,
				A41EE74827095BE800A1470C /* NetworkingIndicatorService.swift in Sources */,
				A425807D2707DC910085E935 /* BuildConfiguration.swift in Sources */,
				A41EE73127094EC000A1470C /* ErrorNetworking.swift in Sources */,
				A41EE7292707F63B00A1470C /* Logger.swift in Sources */,
				A41EE7372709500600A1470C /* EndPointType.swift in Sources */,
				A41EE782270BB36D00A1470C /* UserListItem+CoreDataClass.swift in Sources */,
				A41EE75E270A728700A1470C /* LoginRouter.swift in Sources */,
				A41EE74A27095D4900A1470C /* NetworkingIndicatorAdapter.swift in Sources */,
				A41EE783270BB36D00A1470C /* UserListItem+CoreDataProperties.swift in Sources */,
				A41EE75C270A71D200A1470C /* LoginViewController.swift in Sources */,
				A47595072707CFF20019BE14 /* ViewController.swift in Sources */,
				A47595032707CFF20019BE14 /* AppDelegate.swift in Sources */,
				A475950D2707CFF20019BE14 /* falabella.xcdatamodeld in Sources */,
				A41EE73427094F2700A1470C /* DefaultNetworkManager.swift in Sources */,
				A41EE739270950A700A1470C /* NetworkingRouter.swift in Sources */,
				A41EE75A270A6FDA00A1470C /* LoginProtocols.swift in Sources */,
				A41EE7412709568600A1470C /* NetworkingIndicatorAPI.swift in Sources */,
				A41EE77B270BB19A00A1470C /* CoreDataManager.swift in Sources */,
				A47595052707CFF20019BE14 /* SceneDelegate.swift in Sources */,
				A41EE760270A732500A1470C /* LoginInteractor.swift in Sources */,
				A41EE74F27095FE700A1470C /* GetAllIndicatorUseCase.swift in Sources */,
				A41EE746270958C200A1470C /* IndicatorDetail.swift in Sources */,
				A41EE743270957A300A1470C /* NetworkingIndicatorProtocols.swift in Sources */,
			);
			runOnlyForDeploymentPostprocessing = 0;
		};
		A47595142707CFF50019BE14 /* Sources */ = {
			isa = PBXSourcesBuildPhase;
			buildActionMask = 2147483647;
			files = (
				A41EE773270B787600A1470C /* GetAllIndicatorUseCaseTest.swift in Sources */,
				A41EE769270B59C400A1470C /* MockNetworkingRouter.swift in Sources */,
				A475951D2707CFF50019BE14 /* falabellaTests.swift in Sources */,
				A41EE771270B619C00A1470C /* NetworkingIndicatorAdapterTest.swift in Sources */,
			);
			runOnlyForDeploymentPostprocessing = 0;
		};
/* End PBXSourcesBuildPhase section */

/* Begin PBXTargetDependency section */
		A475951A2707CFF50019BE14 /* PBXTargetDependency */ = {
			isa = PBXTargetDependency;
			target = A47594FE2707CFF20019BE14 /* falabella */;
			targetProxy = A47595192707CFF50019BE14 /* PBXContainerItemProxy */;
		};
/* End PBXTargetDependency section */

/* Begin PBXVariantGroup section */
		A47595102707CFF50019BE14 /* LaunchScreen.storyboard */ = {
			isa = PBXVariantGroup;
			children = (
				A47595112707CFF50019BE14 /* Base */,
			);
			name = LaunchScreen.storyboard;
			sourceTree = "<group>";
		};
/* End PBXVariantGroup section */

/* Begin XCBuildConfiguration section */
		A42580752707D22F0085E935 /* QA */ = {
			isa = XCBuildConfiguration;
			buildSettings = {
				ALWAYS_SEARCH_USER_PATHS = NO;
				CLANG_ANALYZER_NONNULL = YES;
				CLANG_ANALYZER_NUMBER_OBJECT_CONVERSION = YES_AGGRESSIVE;
				CLANG_CXX_LANGUAGE_STANDARD = "gnu++14";
				CLANG_CXX_LIBRARY = "libc++";
				CLANG_ENABLE_MODULES = YES;
				CLANG_ENABLE_OBJC_ARC = YES;
				CLANG_ENABLE_OBJC_WEAK = YES;
				CLANG_WARN_BLOCK_CAPTURE_AUTORELEASING = YES;
				CLANG_WARN_BOOL_CONVERSION = YES;
				CLANG_WARN_COMMA = YES;
				CLANG_WARN_CONSTANT_CONVERSION = YES;
				CLANG_WARN_DEPRECATED_OBJC_IMPLEMENTATIONS = YES;
				CLANG_WARN_DIRECT_OBJC_ISA_USAGE = YES_ERROR;
				CLANG_WARN_DOCUMENTATION_COMMENTS = YES;
				CLANG_WARN_EMPTY_BODY = YES;
				CLANG_WARN_ENUM_CONVERSION = YES;
				CLANG_WARN_INFINITE_RECURSION = YES;
				CLANG_WARN_INT_CONVERSION = YES;
				CLANG_WARN_NON_LITERAL_NULL_CONVERSION = YES;
				CLANG_WARN_OBJC_IMPLICIT_RETAIN_SELF = YES;
				CLANG_WARN_OBJC_LITERAL_CONVERSION = YES;
				CLANG_WARN_OBJC_ROOT_CLASS = YES_ERROR;
				CLANG_WARN_QUOTED_INCLUDE_IN_FRAMEWORK_HEADER = YES;
				CLANG_WARN_RANGE_LOOP_ANALYSIS = YES;
				CLANG_WARN_STRICT_PROTOTYPES = YES;
				CLANG_WARN_SUSPICIOUS_MOVE = YES;
				CLANG_WARN_UNGUARDED_AVAILABILITY = YES_AGGRESSIVE;
				CLANG_WARN_UNREACHABLE_CODE = YES;
				CLANG_WARN__DUPLICATE_METHOD_MATCH = YES;
				COPY_PHASE_STRIP = NO;
				DEBUG_INFORMATION_FORMAT = dwarf;
				ENABLE_STRICT_OBJC_MSGSEND = YES;
				ENABLE_TESTABILITY = YES;
				GCC_C_LANGUAGE_STANDARD = gnu11;
				GCC_DYNAMIC_NO_PIC = NO;
				GCC_NO_COMMON_BLOCKS = YES;
				GCC_OPTIMIZATION_LEVEL = 0;
				GCC_PREPROCESSOR_DEFINITIONS = (
					"DEBUG=1",
					"$(inherited)",
				);
				GCC_WARN_64_TO_32_BIT_CONVERSION = YES;
				GCC_WARN_ABOUT_RETURN_TYPE = YES_ERROR;
				GCC_WARN_UNDECLARED_SELECTOR = YES;
				GCC_WARN_UNINITIALIZED_AUTOS = YES_AGGRESSIVE;
				GCC_WARN_UNUSED_FUNCTION = YES;
				GCC_WARN_UNUSED_VARIABLE = YES;
				IPHONEOS_DEPLOYMENT_TARGET = 14.5;
				MTL_ENABLE_DEBUG_INFO = INCLUDE_SOURCE;
				MTL_FAST_MATH = YES;
				ONLY_ACTIVE_ARCH = YES;
				SDKROOT = iphoneos;
				SWIFT_ACTIVE_COMPILATION_CONDITIONS = DEBUG;
				SWIFT_OPTIMIZATION_LEVEL = "-Onone";
			};
			name = QA;
		};
		A42580762707D22F0085E935 /* QA */ = {
			isa = XCBuildConfiguration;
			baseConfigurationReference = FC296628D52652CDE669850A /* Pods-falabella.qa.xcconfig */;
			buildSettings = {
				ASSETCATALOG_COMPILER_APPICON_NAME = "AppIcon-QA";
				ASSETCATALOG_COMPILER_GLOBAL_ACCENT_COLOR_NAME = AccentColor;
				BASE_URL = "";
				CODE_SIGN_STYLE = Automatic;
				INFOPLIST_FILE = falabella/Info.plist;
				LD_RUNPATH_SEARCH_PATHS = (
					"$(inherited)",
					"@executable_path/Frameworks",
				);
				PRODUCT_BUNDLE_IDENTIFIER = com.pdramoss.falabella.qa;
				PRODUCT_NAME = "$(TARGET_NAME)";
				SWIFT_VERSION = 5.0;
				TARGETED_DEVICE_FAMILY = 1;
			};
			name = QA;
		};
		A42580772707D22F0085E935 /* QA */ = {
			isa = XCBuildConfiguration;
			baseConfigurationReference = 774BEE88FB5A910B9174DD0E /* Pods-falabellaTests.qa.xcconfig */;
			buildSettings = {
				ALWAYS_EMBED_SWIFT_STANDARD_LIBRARIES = YES;
				BUNDLE_LOADER = "$(TEST_HOST)";
				CODE_SIGN_STYLE = Automatic;
				INFOPLIST_FILE = falabellaTests/Info.plist;
				IPHONEOS_DEPLOYMENT_TARGET = 14.5;
				LD_RUNPATH_SEARCH_PATHS = (
					"$(inherited)",
					"@executable_path/Frameworks",
					"@loader_path/Frameworks",
				);
				PRODUCT_BUNDLE_IDENTIFIER = com.pdramoss.falabellaTests;
				PRODUCT_NAME = "$(TARGET_NAME)";
				SWIFT_VERSION = 5.0;
				TARGETED_DEVICE_FAMILY = "1,2";
				TEST_HOST = "$(BUILT_PRODUCTS_DIR)/falabella.app/falabella";
			};
			name = QA;
		};
		A475952A2707CFF50019BE14 /* Debug */ = {
			isa = XCBuildConfiguration;
			buildSettings = {
				ALWAYS_SEARCH_USER_PATHS = NO;
				CLANG_ANALYZER_NONNULL = YES;
				CLANG_ANALYZER_NUMBER_OBJECT_CONVERSION = YES_AGGRESSIVE;
				CLANG_CXX_LANGUAGE_STANDARD = "gnu++14";
				CLANG_CXX_LIBRARY = "libc++";
				CLANG_ENABLE_MODULES = YES;
				CLANG_ENABLE_OBJC_ARC = YES;
				CLANG_ENABLE_OBJC_WEAK = YES;
				CLANG_WARN_BLOCK_CAPTURE_AUTORELEASING = YES;
				CLANG_WARN_BOOL_CONVERSION = YES;
				CLANG_WARN_COMMA = YES;
				CLANG_WARN_CONSTANT_CONVERSION = YES;
				CLANG_WARN_DEPRECATED_OBJC_IMPLEMENTATIONS = YES;
				CLANG_WARN_DIRECT_OBJC_ISA_USAGE = YES_ERROR;
				CLANG_WARN_DOCUMENTATION_COMMENTS = YES;
				CLANG_WARN_EMPTY_BODY = YES;
				CLANG_WARN_ENUM_CONVERSION = YES;
				CLANG_WARN_INFINITE_RECURSION = YES;
				CLANG_WARN_INT_CONVERSION = YES;
				CLANG_WARN_NON_LITERAL_NULL_CONVERSION = YES;
				CLANG_WARN_OBJC_IMPLICIT_RETAIN_SELF = YES;
				CLANG_WARN_OBJC_LITERAL_CONVERSION = YES;
				CLANG_WARN_OBJC_ROOT_CLASS = YES_ERROR;
				CLANG_WARN_QUOTED_INCLUDE_IN_FRAMEWORK_HEADER = YES;
				CLANG_WARN_RANGE_LOOP_ANALYSIS = YES;
				CLANG_WARN_STRICT_PROTOTYPES = YES;
				CLANG_WARN_SUSPICIOUS_MOVE = YES;
				CLANG_WARN_UNGUARDED_AVAILABILITY = YES_AGGRESSIVE;
				CLANG_WARN_UNREACHABLE_CODE = YES;
				CLANG_WARN__DUPLICATE_METHOD_MATCH = YES;
				COPY_PHASE_STRIP = NO;
				DEBUG_INFORMATION_FORMAT = dwarf;
				ENABLE_STRICT_OBJC_MSGSEND = YES;
				ENABLE_TESTABILITY = YES;
				GCC_C_LANGUAGE_STANDARD = gnu11;
				GCC_DYNAMIC_NO_PIC = NO;
				GCC_NO_COMMON_BLOCKS = YES;
				GCC_OPTIMIZATION_LEVEL = 0;
				GCC_PREPROCESSOR_DEFINITIONS = (
					"DEBUG=1",
					"$(inherited)",
				);
				GCC_WARN_64_TO_32_BIT_CONVERSION = YES;
				GCC_WARN_ABOUT_RETURN_TYPE = YES_ERROR;
				GCC_WARN_UNDECLARED_SELECTOR = YES;
				GCC_WARN_UNINITIALIZED_AUTOS = YES_AGGRESSIVE;
				GCC_WARN_UNUSED_FUNCTION = YES;
				GCC_WARN_UNUSED_VARIABLE = YES;
				IPHONEOS_DEPLOYMENT_TARGET = 14.5;
				MTL_ENABLE_DEBUG_INFO = INCLUDE_SOURCE;
				MTL_FAST_MATH = YES;
				ONLY_ACTIVE_ARCH = YES;
				SDKROOT = iphoneos;
				SWIFT_ACTIVE_COMPILATION_CONDITIONS = DEBUG;
				SWIFT_OPTIMIZATION_LEVEL = "-Onone";
			};
			name = Debug;
		};
		A475952B2707CFF50019BE14 /* Release */ = {
			isa = XCBuildConfiguration;
			buildSettings = {
				ALWAYS_SEARCH_USER_PATHS = NO;
				CLANG_ANALYZER_NONNULL = YES;
				CLANG_ANALYZER_NUMBER_OBJECT_CONVERSION = YES_AGGRESSIVE;
				CLANG_CXX_LANGUAGE_STANDARD = "gnu++14";
				CLANG_CXX_LIBRARY = "libc++";
				CLANG_ENABLE_MODULES = YES;
				CLANG_ENABLE_OBJC_ARC = YES;
				CLANG_ENABLE_OBJC_WEAK = YES;
				CLANG_WARN_BLOCK_CAPTURE_AUTORELEASING = YES;
				CLANG_WARN_BOOL_CONVERSION = YES;
				CLANG_WARN_COMMA = YES;
				CLANG_WARN_CONSTANT_CONVERSION = YES;
				CLANG_WARN_DEPRECATED_OBJC_IMPLEMENTATIONS = YES;
				CLANG_WARN_DIRECT_OBJC_ISA_USAGE = YES_ERROR;
				CLANG_WARN_DOCUMENTATION_COMMENTS = YES;
				CLANG_WARN_EMPTY_BODY = YES;
				CLANG_WARN_ENUM_CONVERSION = YES;
				CLANG_WARN_INFINITE_RECURSION = YES;
				CLANG_WARN_INT_CONVERSION = YES;
				CLANG_WARN_NON_LITERAL_NULL_CONVERSION = YES;
				CLANG_WARN_OBJC_IMPLICIT_RETAIN_SELF = YES;
				CLANG_WARN_OBJC_LITERAL_CONVERSION = YES;
				CLANG_WARN_OBJC_ROOT_CLASS = YES_ERROR;
				CLANG_WARN_QUOTED_INCLUDE_IN_FRAMEWORK_HEADER = YES;
				CLANG_WARN_RANGE_LOOP_ANALYSIS = YES;
				CLANG_WARN_STRICT_PROTOTYPES = YES;
				CLANG_WARN_SUSPICIOUS_MOVE = YES;
				CLANG_WARN_UNGUARDED_AVAILABILITY = YES_AGGRESSIVE;
				CLANG_WARN_UNREACHABLE_CODE = YES;
				CLANG_WARN__DUPLICATE_METHOD_MATCH = YES;
				COPY_PHASE_STRIP = NO;
				DEBUG_INFORMATION_FORMAT = "dwarf-with-dsym";
				ENABLE_NS_ASSERTIONS = NO;
				ENABLE_STRICT_OBJC_MSGSEND = YES;
				GCC_C_LANGUAGE_STANDARD = gnu11;
				GCC_NO_COMMON_BLOCKS = YES;
				GCC_WARN_64_TO_32_BIT_CONVERSION = YES;
				GCC_WARN_ABOUT_RETURN_TYPE = YES_ERROR;
				GCC_WARN_UNDECLARED_SELECTOR = YES;
				GCC_WARN_UNINITIALIZED_AUTOS = YES_AGGRESSIVE;
				GCC_WARN_UNUSED_FUNCTION = YES;
				GCC_WARN_UNUSED_VARIABLE = YES;
				IPHONEOS_DEPLOYMENT_TARGET = 14.5;
				MTL_ENABLE_DEBUG_INFO = NO;
				MTL_FAST_MATH = YES;
				SDKROOT = iphoneos;
				SWIFT_COMPILATION_MODE = wholemodule;
				SWIFT_OPTIMIZATION_LEVEL = "-O";
				VALIDATE_PRODUCT = YES;
			};
			name = Release;
		};
		A475952D2707CFF50019BE14 /* Debug */ = {
			isa = XCBuildConfiguration;
			baseConfigurationReference = 79F303A47E6959FCD83B9B9B /* Pods-falabella.debug.xcconfig */;
			buildSettings = {
				ASSETCATALOG_COMPILER_APPICON_NAME = "AppIcon-Dev";
				ASSETCATALOG_COMPILER_GLOBAL_ACCENT_COLOR_NAME = AccentColor;
				BASE_URL = "";
				CODE_SIGN_STYLE = Automatic;
				INFOPLIST_FILE = falabella/Info.plist;
				LD_RUNPATH_SEARCH_PATHS = (
					"$(inherited)",
					"@executable_path/Frameworks",
				);
				PRODUCT_BUNDLE_IDENTIFIER = com.pdramoss.falabella.dev;
				PRODUCT_NAME = "$(TARGET_NAME)";
				SWIFT_VERSION = 5.0;
				TARGETED_DEVICE_FAMILY = 1;
			};
			name = Debug;
		};
		A475952E2707CFF50019BE14 /* Release */ = {
			isa = XCBuildConfiguration;
			baseConfigurationReference = 1354BA1556E26951218271A3 /* Pods-falabella.release.xcconfig */;
			buildSettings = {
				ASSETCATALOG_COMPILER_APPICON_NAME = AppIcon;
				ASSETCATALOG_COMPILER_GLOBAL_ACCENT_COLOR_NAME = AccentColor;
				BASE_URL = "";
				CODE_SIGN_STYLE = Automatic;
				INFOPLIST_FILE = falabella/Info.plist;
				LD_RUNPATH_SEARCH_PATHS = (
					"$(inherited)",
					"@executable_path/Frameworks",
				);
				PRODUCT_BUNDLE_IDENTIFIER = com.pdramoss.falabella;
				PRODUCT_NAME = "$(TARGET_NAME)";
				SWIFT_VERSION = 5.0;
				TARGETED_DEVICE_FAMILY = 1;
			};
			name = Release;
		};
		A47595302707CFF50019BE14 /* Debug */ = {
			isa = XCBuildConfiguration;
			baseConfigurationReference = 0EDC9030EF29111D9B18C7C4 /* Pods-falabellaTests.debug.xcconfig */;
			buildSettings = {
				ALWAYS_EMBED_SWIFT_STANDARD_LIBRARIES = YES;
				BUNDLE_LOADER = "$(TEST_HOST)";
				CODE_SIGN_STYLE = Automatic;
				INFOPLIST_FILE = falabellaTests/Info.plist;
				IPHONEOS_DEPLOYMENT_TARGET = 14.5;
				LD_RUNPATH_SEARCH_PATHS = (
					"$(inherited)",
					"@executable_path/Frameworks",
					"@loader_path/Frameworks",
				);
				PRODUCT_BUNDLE_IDENTIFIER = com.pdramoss.falabellaTests;
				PRODUCT_NAME = "$(TARGET_NAME)";
				SWIFT_VERSION = 5.0;
				TARGETED_DEVICE_FAMILY = "1,2";
				TEST_HOST = "$(BUILT_PRODUCTS_DIR)/falabella.app/falabella";
			};
			name = Debug;
		};
		A47595312707CFF50019BE14 /* Release */ = {
			isa = XCBuildConfiguration;
			baseConfigurationReference = AFBA8B5FEF2FAFAFDE38BB1C /* Pods-falabellaTests.release.xcconfig */;
			buildSettings = {
				ALWAYS_EMBED_SWIFT_STANDARD_LIBRARIES = YES;
				BUNDLE_LOADER = "$(TEST_HOST)";
				CODE_SIGN_STYLE = Automatic;
				INFOPLIST_FILE = falabellaTests/Info.plist;
				IPHONEOS_DEPLOYMENT_TARGET = 14.5;
				LD_RUNPATH_SEARCH_PATHS = (
					"$(inherited)",
					"@executable_path/Frameworks",
					"@loader_path/Frameworks",
				);
				PRODUCT_BUNDLE_IDENTIFIER = com.pdramoss.falabellaTests;
				PRODUCT_NAME = "$(TARGET_NAME)";
				SWIFT_VERSION = 5.0;
				TARGETED_DEVICE_FAMILY = "1,2";
				TEST_HOST = "$(BUILT_PRODUCTS_DIR)/falabella.app/falabella";
			};
			name = Release;
		};
/* End XCBuildConfiguration section */

/* Begin XCConfigurationList section */
		A47594FA2707CFF20019BE14 /* Build configuration list for PBXProject "falabella" */ = {
			isa = XCConfigurationList;
			buildConfigurations = (
				A475952A2707CFF50019BE14 /* Debug */,
				A42580752707D22F0085E935 /* QA */,
				A475952B2707CFF50019BE14 /* Release */,
			);
			defaultConfigurationIsVisible = 0;
			defaultConfigurationName = Release;
		};
		A475952C2707CFF50019BE14 /* Build configuration list for PBXNativeTarget "falabella" */ = {
			isa = XCConfigurationList;
			buildConfigurations = (
				A475952D2707CFF50019BE14 /* Debug */,
				A42580762707D22F0085E935 /* QA */,
				A475952E2707CFF50019BE14 /* Release */,
			);
			defaultConfigurationIsVisible = 0;
			defaultConfigurationName = Release;
		};
		A475952F2707CFF50019BE14 /* Build configuration list for PBXNativeTarget "falabellaTests" */ = {
			isa = XCConfigurationList;
			buildConfigurations = (
				A47595302707CFF50019BE14 /* Debug */,
				A42580772707D22F0085E935 /* QA */,
				A47595312707CFF50019BE14 /* Release */,
			);
			defaultConfigurationIsVisible = 0;
			defaultConfigurationName = Release;
		};
/* End XCConfigurationList section */

/* Begin XCVersionGroup section */
		A475950B2707CFF20019BE14 /* falabella.xcdatamodeld */ = {
			isa = XCVersionGroup;
			children = (
				A475950C2707CFF20019BE14 /* falabella.xcdatamodel */,
			);
			currentVersion = A475950C2707CFF20019BE14 /* falabella.xcdatamodel */;
			path = falabella.xcdatamodeld;
			sourceTree = "<group>";
			versionGroupType = wrapper.xcdatamodel;
		};
/* End XCVersionGroup section */
	};
	rootObject = A47594F72707CFF20019BE14 /* Project object */;
}
